Microsoft Visual Studio Solution File, Format Version 12.00
# Visual Studio Version 17
VisualStudioVersion = 17.5.2.0
MinimumVisualStudioVersion = 10.0.40219.1
Project("{FAE04EC0-301F-11D3-BF4B-00C04F79EFBC}") = "NordenAPI", "NordenAPI\NordenAPI.csproj", "{10856D6A-F8C2-F39A-2167-E7BF06DF435F}"
EndProject
Global
	GlobalSection(SolutionConfigurationPlatforms) = preSolution
		Debug|Any CPU = Debug|Any CPU
		Release|Any CPU = Release|Any CPU
	EndGlobalSection
	GlobalSection(ProjectConfigurationPlatforms) = postSolution
		{10856D6A-F8C2-F39A-2167-E7BF06DF435F}.Debug|Any CPU.ActiveCfg = Debug|Any CPU
		{10856D6A-F8C2-F39A-2167-E7BF06DF435F}.Debug|Any CPU.Build.0 = Debug|Any CPU
		{10856D6A-F8C2-F39A-2167-E7BF06DF435F}.Release|Any CPU.ActiveCfg = Release|Any CPU
		{10856D6A-F8C2-F39A-2167-E7BF06DF435F}.Release|Any CPU.Build.0 = Release|Any CPU
	EndGlobalSection
	GlobalSection(SolutionProperties) = preSolution
		HideSolutionNode = FALSE
	EndGlobalSection
	GlobalSection(ExtensibilityGlobals) = postSolution
		SolutionGuid = {66CC7E07-8D69-44B1-886D-2096FE568875}
	EndGlobalSection
EndGlobal
